// !$*UTF8*$!
{
	archiveVersion = 1;
	classes = {
	};
	objectVersion = 50;
	objects = {

/* Begin PBXBuildFile section */
		48156FD03027B32DF54B1B04 /* Pods_AuburnHacks_2019Tests.framework in Frameworks */ = {isa = PBXBuildFile; fileRef = ECBCC3BDE958E2BC0DC82F95 /* Pods_AuburnHacks_2019Tests.framework */; };
		643E1B45989E9E7B09D7EE89 /* Pods_AuburnHacks_2019UITests.framework in Frameworks */ = {isa = PBXBuildFile; fileRef = E003FD2DEA88B23306BF4542 /* Pods_AuburnHacks_2019UITests.framework */; };
		D8794A75220278F400390325 /* AppDelegate.swift in Sources */ = {isa = PBXBuildFile; fileRef = D8794A74220278F400390325 /* AppDelegate.swift */; };
		D8794A77220278F400390325 /* ViewController.swift in Sources */ = {isa = PBXBuildFile; fileRef = D8794A76220278F400390325 /* ViewController.swift */; };
		D8794A7A220278F400390325 /* Main.storyboard in Resources */ = {isa = PBXBuildFile; fileRef = D8794A78220278F400390325 /* Main.storyboard */; };
		D8794A7C220278F500390325 /* Assets.xcassets in Resources */ = {isa = PBXBuildFile; fileRef = D8794A7B220278F500390325 /* Assets.xcassets */; };
		D8794A7F220278F500390325 /* LaunchScreen.storyboard in Resources */ = {isa = PBXBuildFile; fileRef = D8794A7D220278F500390325 /* LaunchScreen.storyboard */; };
		D8794A8A220278F500390325 /* AuburnHacks_2019Tests.swift in Sources */ = {isa = PBXBuildFile; fileRef = D8794A89220278F500390325 /* AuburnHacks_2019Tests.swift */; };
		D8794A95220278F500390325 /* AuburnHacks_2019UITests.swift in Sources */ = {isa = PBXBuildFile; fileRef = D8794A94220278F500390325 /* AuburnHacks_2019UITests.swift */; };
		D8794AA322027A5800390325 /* GoogleService-Info.plist in Resources */ = {isa = PBXBuildFile; fileRef = D8794AA222027A5800390325 /* GoogleService-Info.plist */; };
		EAA983259460BFAC9342D5C4 /* Pods_AuburnHacks_2019.framework in Frameworks */ = {isa = PBXBuildFile; fileRef = AF72F784766C8985430F25A8 /* Pods_AuburnHacks_2019.framework */; };
/* End PBXBuildFile section */

/* Begin PBXContainerItemProxy section */
		D8794A86220278F500390325 /* PBXContainerItemProxy */ = {
			isa = PBXContainerItemProxy;
			containerPortal = D8794A69220278F400390325 /* Project object */;
			proxyType = 1;
			remoteGlobalIDString = D8794A70220278F400390325;
			remoteInfo = "AuburnHacks 2019";
		};
		D8794A91220278F500390325 /* PBXContainerItemProxy */ = {
			isa = PBXContainerItemProxy;
			containerPortal = D8794A69220278F400390325 /* Project object */;
			proxyType = 1;
			remoteGlobalIDString = D8794A70220278F400390325;
			remoteInfo = "AuburnHacks 2019";
		};
/* End PBXContainerItemProxy section */

/* Begin PBXFileReference section */
		2CC278980C904BDF14841861 /* Pods-AuburnHacks 2019UITests.release.xcconfig */ = {isa = PBXFileReference; includeInIndex = 1; lastKnownFileType = text.xcconfig; name = "Pods-AuburnHacks 2019UITests.release.xcconfig"; path = "Pods/Target Support Files/Pods-AuburnHacks 2019UITests/Pods-AuburnHacks 2019UITests.release.xcconfig"; sourceTree = "<group>"; };
		38EDDF7FF81D6D0DB5FE10DA /* Pods-AuburnHacks 2019.release.xcconfig */ = {isa = PBXFileReference; includeInIndex = 1; lastKnownFileType = text.xcconfig; name = "Pods-AuburnHacks 2019.release.xcconfig"; path = "Pods/Target Support Files/Pods-AuburnHacks 2019/Pods-AuburnHacks 2019.release.xcconfig"; sourceTree = "<group>"; };
		4E06F9654BE84BF6DD565A64 /* Pods-AuburnHacks 2019.debug.xcconfig */ = {isa = PBXFileReference; includeInIndex = 1; lastKnownFileType = text.xcconfig; name = "Pods-AuburnHacks 2019.debug.xcconfig"; path = "Pods/Target Support Files/Pods-AuburnHacks 2019/Pods-AuburnHacks 2019.debug.xcconfig"; sourceTree = "<group>"; };
		6CE043A31AC13E64D122470F /* Pods-AuburnHacks 2019Tests.release.xcconfig */ = {isa = PBXFileReference; includeInIndex = 1; lastKnownFileType = text.xcconfig; name = "Pods-AuburnHacks 2019Tests.release.xcconfig"; path = "Pods/Target Support Files/Pods-AuburnHacks 2019Tests/Pods-AuburnHacks 2019Tests.release.xcconfig"; sourceTree = "<group>"; };
		AF72F784766C8985430F25A8 /* Pods_AuburnHacks_2019.framework */ = {isa = PBXFileReference; explicitFileType = wrapper.framework; includeInIndex = 0; path = Pods_AuburnHacks_2019.framework; sourceTree = BUILT_PRODUCTS_DIR; };
		B1A9AFF937CAC326962DAA94 /* Pods-AuburnHacks 2019Tests.debug.xcconfig */ = {isa = PBXFileReference; includeInIndex = 1; lastKnownFileType = text.xcconfig; name = "Pods-AuburnHacks 2019Tests.debug.xcconfig"; path = "Pods/Target Support Files/Pods-AuburnHacks 2019Tests/Pods-AuburnHacks 2019Tests.debug.xcconfig"; sourceTree = "<group>"; };
		C212A3217F36EC34EBF3D1B8 /* Pods-AuburnHacks 2019UITests.debug.xcconfig */ = {isa = PBXFileReference; includeInIndex = 1; lastKnownFileType = text.xcconfig; name = "Pods-AuburnHacks 2019UITests.debug.xcconfig"; path = "Pods/Target Support Files/Pods-AuburnHacks 2019UITests/Pods-AuburnHacks 2019UITests.debug.xcconfig"; sourceTree = "<group>"; };
		D8794A71220278F400390325 /* AuburnHacks 2019.app */ = {isa = PBXFileReference; explicitFileType = wrapper.application; includeInIndex = 0; path = "AuburnHacks 2019.app"; sourceTree = BUILT_PRODUCTS_DIR; };
		D8794A74220278F400390325 /* AppDelegate.swift */ = {isa = PBXFileReference; lastKnownFileType = sourcecode.swift; path = AppDelegate.swift; sourceTree = "<group>"; };
		D8794A76220278F400390325 /* ViewController.swift */ = {isa = PBXFileReference; lastKnownFileType = sourcecode.swift; path = ViewController.swift; sourceTree = "<group>"; };
		D8794A79220278F400390325 /* Base */ = {isa = PBXFileReference; lastKnownFileType = file.storyboard; name = Base; path = Base.lproj/Main.storyboard; sourceTree = "<group>"; };
		D8794A7B220278F500390325 /* Assets.xcassets */ = {isa = PBXFileReference; lastKnownFileType = folder.assetcatalog; path = Assets.xcassets; sourceTree = "<group>"; };
		D8794A7E220278F500390325 /* Base */ = {isa = PBXFileReference; lastKnownFileType = file.storyboard; name = Base; path = Base.lproj/LaunchScreen.storyboard; sourceTree = "<group>"; };
		D8794A80220278F500390325 /* Info.plist */ = {isa = PBXFileReference; lastKnownFileType = text.plist.xml; path = Info.plist; sourceTree = "<group>"; };
		D8794A85220278F500390325 /* AuburnHacks 2019Tests.xctest */ = {isa = PBXFileReference; explicitFileType = wrapper.cfbundle; includeInIndex = 0; path = "AuburnHacks 2019Tests.xctest"; sourceTree = BUILT_PRODUCTS_DIR; };
		D8794A89220278F500390325 /* AuburnHacks_2019Tests.swift */ = {isa = PBXFileReference; lastKnownFileType = sourcecode.swift; path = AuburnHacks_2019Tests.swift; sourceTree = "<group>"; };
		D8794A8B220278F500390325 /* Info.plist */ = {isa = PBXFileReference; lastKnownFileType = text.plist.xml; path = Info.plist; sourceTree = "<group>"; };
		D8794A90220278F500390325 /* AuburnHacks 2019UITests.xctest */ = {isa = PBXFileReference; explicitFileType = wrapper.cfbundle; includeInIndex = 0; path = "AuburnHacks 2019UITests.xctest"; sourceTree = BUILT_PRODUCTS_DIR; };
		D8794A94220278F500390325 /* AuburnHacks_2019UITests.swift */ = {isa = PBXFileReference; lastKnownFileType = sourcecode.swift; path = AuburnHacks_2019UITests.swift; sourceTree = "<group>"; };
		D8794A96220278F500390325 /* Info.plist */ = {isa = PBXFileReference; lastKnownFileType = text.plist.xml; path = Info.plist; sourceTree = "<group>"; };
		D8794AA222027A5800390325 /* GoogleService-Info.plist */ = {isa = PBXFileReference; fileEncoding = 4; lastKnownFileType = text.plist.xml; name = "GoogleService-Info.plist"; path = "../../../../Downloads/GoogleService-Info.plist"; sourceTree = "<group>"; };
		E003FD2DEA88B23306BF4542 /* Pods_AuburnHacks_2019UITests.framework */ = {isa = PBXFileReference; explicitFileType = wrapper.framework; includeInIndex = 0; path = Pods_AuburnHacks_2019UITests.framework; sourceTree = BUILT_PRODUCTS_DIR; };
		ECBCC3BDE958E2BC0DC82F95 /* Pods_AuburnHacks_2019Tests.framework */ = {isa = PBXFileReference; explicitFileType = wrapper.framework; includeInIndex = 0; path = Pods_AuburnHacks_2019Tests.framework; sourceTree = BUILT_PRODUCTS_DIR; };
/* End PBXFileReference section */

/* Begin PBXFrameworksBuildPhase section */
		D8794A6E220278F400390325 /* Frameworks */ = {
			isa = PBXFrameworksBuildPhase;
			buildActionMask = 2147483647;
			files = (
				EAA983259460BFAC9342D5C4 /* Pods_AuburnHacks_2019.framework in Frameworks */,
			);
			runOnlyForDeploymentPostprocessing = 0;
		};
		D8794A82220278F500390325 /* Frameworks */ = {
			isa = PBXFrameworksBuildPhase;
			buildActionMask = 2147483647;
			files = (
				48156FD03027B32DF54B1B04 /* Pods_AuburnHacks_2019Tests.framework in Frameworks */,
			);
			runOnlyForDeploymentPostprocessing = 0;
		};
		D8794A8D220278F500390325 /* Frameworks */ = {
			isa = PBXFrameworksBuildPhase;
			buildActionMask = 2147483647;
			files = (
				643E1B45989E9E7B09D7EE89 /* Pods_AuburnHacks_2019UITests.framework in Frameworks */,
			);
			runOnlyForDeploymentPostprocessing = 0;
		};
/* End PBXFrameworksBuildPhase section */

/* Begin PBXGroup section */
		0277957A965153EB918BA46D /* Pods */ = {
			isa = PBXGroup;
			children = (
				4E06F9654BE84BF6DD565A64 /* Pods-AuburnHacks 2019.debug.xcconfig */,
				38EDDF7FF81D6D0DB5FE10DA /* Pods-AuburnHacks 2019.release.xcconfig */,
				B1A9AFF937CAC326962DAA94 /* Pods-AuburnHacks 2019Tests.debug.xcconfig */,
				6CE043A31AC13E64D122470F /* Pods-AuburnHacks 2019Tests.release.xcconfig */,
				C212A3217F36EC34EBF3D1B8 /* Pods-AuburnHacks 2019UITests.debug.xcconfig */,
				2CC278980C904BDF14841861 /* Pods-AuburnHacks 2019UITests.release.xcconfig */,
			);
			name = Pods;
			sourceTree = "<group>";
		};
		7DBD1AAC940DB33E37825A07 /* Frameworks */ = {
			isa = PBXGroup;
			children = (
				AF72F784766C8985430F25A8 /* Pods_AuburnHacks_2019.framework */,
				ECBCC3BDE958E2BC0DC82F95 /* Pods_AuburnHacks_2019Tests.framework */,
				E003FD2DEA88B23306BF4542 /* Pods_AuburnHacks_2019UITests.framework */,
			);
			name = Frameworks;
			sourceTree = "<group>";
		};
		D8794A68220278F400390325 = {
			isa = PBXGroup;
			children = (
				D8794A73220278F400390325 /* AuburnHacks 2019 */,
				D8794A88220278F500390325 /* AuburnHacks 2019Tests */,
				D8794A93220278F500390325 /* AuburnHacks 2019UITests */,
				D8794A72220278F400390325 /* Products */,
				0277957A965153EB918BA46D /* Pods */,
				7DBD1AAC940DB33E37825A07 /* Frameworks */,
			);
			sourceTree = "<group>";
		};
		D8794A72220278F400390325 /* Products */ = {
			isa = PBXGroup;
			children = (
				D8794A71220278F400390325 /* AuburnHacks 2019.app */,
				D8794A85220278F500390325 /* AuburnHacks 2019Tests.xctest */,
				D8794A90220278F500390325 /* AuburnHacks 2019UITests.xctest */,
			);
			name = Products;
			sourceTree = "<group>";
		};
		D8794A73220278F400390325 /* AuburnHacks 2019 */ = {
			isa = PBXGroup;
			children = (
				D8794AA222027A5800390325 /* GoogleService-Info.plist */,
				D8794A74220278F400390325 /* AppDelegate.swift */,
				D8794A76220278F400390325 /* ViewController.swift */,
				D8794A78220278F400390325 /* Main.storyboard */,
				D8794A7B220278F500390325 /* Assets.xcassets */,
				D8794A7D220278F500390325 /* LaunchScreen.storyboard */,
				D8794A80220278F500390325 /* Info.plist */,
			);
			path = "AuburnHacks 2019";
			sourceTree = "<group>";
		};
		D8794A88220278F500390325 /* AuburnHacks 2019Tests */ = {
			isa = PBXGroup;
			children = (
				D8794A89220278F500390325 /* AuburnHacks_2019Tests.swift */,
				D8794A8B220278F500390325 /* Info.plist */,
			);
			path = "AuburnHacks 2019Tests";
			sourceTree = "<group>";
		};
		D8794A93220278F500390325 /* AuburnHacks 2019UITests */ = {
			isa = PBXGroup;
			children = (
				D8794A94220278F500390325 /* AuburnHacks_2019UITests.swift */,
				D8794A96220278F500390325 /* Info.plist */,
			);
			path = "AuburnHacks 2019UITests";
			sourceTree = "<group>";
		};
/* End PBXGroup section */

/* Begin PBXNativeTarget section */
		D8794A70220278F400390325 /* AuburnHacks 2019 */ = {
			isa = PBXNativeTarget;
			buildConfigurationList = D8794A99220278F500390325 /* Build configuration list for PBXNativeTarget "AuburnHacks 2019" */;
			buildPhases = (
				E10CBC01104B147A022FD169 /* [CP] Check Pods Manifest.lock */,
				D8794A6D220278F400390325 /* Sources */,
				D8794A6E220278F400390325 /* Frameworks */,
				D8794A6F220278F400390325 /* Resources */,
				0C36430D889FB39F61BCF709 /* [CP] Embed Pods Frameworks */,
			);
			buildRules = (
			);
			dependencies = (
			);
			name = "AuburnHacks 2019";
			productName = "AuburnHacks 2019";
			productReference = D8794A71220278F400390325 /* AuburnHacks 2019.app */;
			productType = "com.apple.product-type.application";
		};
		D8794A84220278F500390325 /* AuburnHacks 2019Tests */ = {
			isa = PBXNativeTarget;
			buildConfigurationList = D8794A9C220278F500390325 /* Build configuration list for PBXNativeTarget "AuburnHacks 2019Tests" */;
			buildPhases = (
				2963A0826059096267136B57 /* [CP] Check Pods Manifest.lock */,
				D8794A81220278F500390325 /* Sources */,
				D8794A82220278F500390325 /* Frameworks */,
				D8794A83220278F500390325 /* Resources */,
			);
			buildRules = (
			);
			dependencies = (
				D8794A87220278F500390325 /* PBXTargetDependency */,
			);
			name = "AuburnHacks 2019Tests";
			productName = "AuburnHacks 2019Tests";
			productReference = D8794A85220278F500390325 /* AuburnHacks 2019Tests.xctest */;
			productType = "com.apple.product-type.bundle.unit-test";
		};
		D8794A8F220278F500390325 /* AuburnHacks 2019UITests */ = {
			isa = PBXNativeTarget;
			buildConfigurationList = D8794A9F220278F500390325 /* Build configuration list for PBXNativeTarget "AuburnHacks 2019UITests" */;
			buildPhases = (
				14C85293A3DD5F39FC03B394 /* [CP] Check Pods Manifest.lock */,
				D8794A8C220278F500390325 /* Sources */,
				D8794A8D220278F500390325 /* Frameworks */,
				D8794A8E220278F500390325 /* Resources */,
			);
			buildRules = (
			);
			dependencies = (
				D8794A92220278F500390325 /* PBXTargetDependency */,
			);
			name = "AuburnHacks 2019UITests";
			productName = "AuburnHacks 2019UITests";
			productReference = D8794A90220278F500390325 /* AuburnHacks 2019UITests.xctest */;
			productType = "com.apple.product-type.bundle.ui-testing";
		};
/* End PBXNativeTarget section */

/* Begin PBXProject section */
		D8794A69220278F400390325 /* Project object */ = {
			isa = PBXProject;
			attributes = {
				LastSwiftUpdateCheck = 1010;
				LastUpgradeCheck = 1010;
				ORGANIZATIONNAME = AuburnHacks;
				TargetAttributes = {
					D8794A70220278F400390325 = {
						CreatedOnToolsVersion = 10.1;
					};
					D8794A84220278F500390325 = {
						CreatedOnToolsVersion = 10.1;
						TestTargetID = D8794A70220278F400390325;
					};
					D8794A8F220278F500390325 = {
						CreatedOnToolsVersion = 10.1;
						TestTargetID = D8794A70220278F400390325;
					};
				};
			};
			buildConfigurationList = D8794A6C220278F400390325 /* Build configuration list for PBXProject "AuburnHacks 2019" */;
			compatibilityVersion = "Xcode 9.3";
			developmentRegion = en;
			hasScannedForEncodings = 0;
			knownRegions = (
				en,
				Base,
			);
			mainGroup = D8794A68220278F400390325;
			productRefGroup = D8794A72220278F400390325 /* Products */;
			projectDirPath = "";
			projectRoot = "";
			targets = (
				D8794A70220278F400390325 /* AuburnHacks 2019 */,
				D8794A84220278F500390325 /* AuburnHacks 2019Tests */,
				D8794A8F220278F500390325 /* AuburnHacks 2019UITests */,
			);
		};
/* End PBXProject section */

/* Begin PBXResourcesBuildPhase section */
		D8794A6F220278F400390325 /* Resources */ = {
			isa = PBXResourcesBuildPhase;
			buildActionMask = 2147483647;
			files = (
				D8794A7F220278F500390325 /* LaunchScreen.storyboard in Resources */,
				D8794AA322027A5800390325 /* GoogleService-Info.plist in Resources */,
				D8794A7C220278F500390325 /* Assets.xcassets in Resources */,
				D8794A7A220278F400390325 /* Main.storyboard in Resources */,
			);
			runOnlyForDeploymentPostprocessing = 0;
		};
		D8794A83220278F500390325 /* Resources */ = {
			isa = PBXResourcesBuildPhase;
			buildActionMask = 2147483647;
			files = (
			);
			runOnlyForDeploymentPostprocessing = 0;
		};
		D8794A8E220278F500390325 /* Resources */ = {
			isa = PBXResourcesBuildPhase;
			buildActionMask = 2147483647;
			files = (
			);
			runOnlyForDeploymentPostprocessing = 0;
		};
/* End PBXResourcesBuildPhase section */

/* Begin PBXShellScriptBuildPhase section */
		0C36430D889FB39F61BCF709 /* [CP] Embed Pods Frameworks */ = {
			isa = PBXShellScriptBuildPhase;
			buildActionMask = 2147483647;
			files = (
			);
			inputFileListPaths = (
			);
			inputPaths = (
				"${SRCROOT}/Pods/Target Support Files/Pods-AuburnHacks 2019/Pods-AuburnHacks 2019-frameworks.sh",
				"${BUILT_PRODUCTS_DIR}/GoogleUtilities/GoogleUtilities.framework",
				"${BUILT_PRODUCTS_DIR}/nanopb/nanopb.framework",
			);
			name = "[CP] Embed Pods Frameworks";
			outputFileListPaths = (
			);
			outputPaths = (
				"${TARGET_BUILD_DIR}/${FRAMEWORKS_FOLDER_PATH}/GoogleUtilities.framework",
				"${TARGET_BUILD_DIR}/${FRAMEWORKS_FOLDER_PATH}/nanopb.framework",
			);
			runOnlyForDeploymentPostprocessing = 0;
			shellPath = /bin/sh;
			shellScript = "\"${SRCROOT}/Pods/Target Support Files/Pods-AuburnHacks 2019/Pods-AuburnHacks 2019-frameworks.sh\"\n";
			showEnvVarsInLog = 0;
		};
		14C85293A3DD5F39FC03B394 /* [CP] Check Pods Manifest.lock */ = {
			isa = PBXShellScriptBuildPhase;
			buildActionMask = 2147483647;
			files = (
			);
			inputFileListPaths = (
			);
			inputPaths = (
				"${PODS_PODFILE_DIR_PATH}/Podfile.lock",
				"${PODS_ROOT}/Manifest.lock",
			);
			name = "[CP] Check Pods Manifest.lock";
			outputFileListPaths = (
			);
			outputPaths = (
				"$(DERIVED_FILE_DIR)/Pods-AuburnHacks 2019UITests-checkManifestLockResult.txt",
			);
			runOnlyForDeploymentPostprocessing = 0;
			shellPath = /bin/sh;
			shellScript = "diff \"${PODS_PODFILE_DIR_PATH}/Podfile.lock\" \"${PODS_ROOT}/Manifest.lock\" > /dev/null\nif [ $? != 0 ] ; then\n    # print error to STDERR\n    echo \"error: The sandbox is not in sync with the Podfile.lock. Run 'pod install' or update your CocoaPods installation.\" >&2\n    exit 1\nfi\n# This output is used by Xcode 'outputs' to avoid re-running this script phase.\necho \"SUCCESS\" > \"${SCRIPT_OUTPUT_FILE_0}\"\n";
			showEnvVarsInLog = 0;
		};
		2963A0826059096267136B57 /* [CP] Check Pods Manifest.lock */ = {
			isa = PBXShellScriptBuildPhase;
			buildActionMask = 2147483647;
			files = (
			);
			inputFileListPaths = (
			);
			inputPaths = (
				"${PODS_PODFILE_DIR_PATH}/Podfile.lock",
				"${PODS_ROOT}/Manifest.lock",
			);
			name = "[CP] Check Pods Manifest.lock";
			outputFileListPaths = (
			);
			outputPaths = (
				"$(DERIVED_FILE_DIR)/Pods-AuburnHacks 2019Tests-checkManifestLockResult.txt",
			);
			runOnlyForDeploymentPostprocessing = 0;
			shellPath = /bin/sh;
			shellScript = "diff \"${PODS_PODFILE_DIR_PATH}/Podfile.lock\" \"${PODS_ROOT}/Manifest.lock\" > /dev/null\nif [ $? != 0 ] ; then\n    # print error to STDERR\n    echo \"error: The sandbox is not in sync with the Podfile.lock. Run 'pod install' or update your CocoaPods installation.\" >&2\n    exit 1\nfi\n# This output is used by Xcode 'outputs' to avoid re-running this script phase.\necho \"SUCCESS\" > \"${SCRIPT_OUTPUT_FILE_0}\"\n";
			showEnvVarsInLog = 0;
		};
		E10CBC01104B147A022FD169 /* [CP] Check Pods Manifest.lock */ = {
			isa = PBXShellScriptBuildPhase;
			buildActionMask = 2147483647;
			files = (
			);
			inputFileListPaths = (
			);
			inputPaths = (
				"${PODS_PODFILE_DIR_PATH}/Podfile.lock",
				"${PODS_ROOT}/Manifest.lock",
			);
			name = "[CP] Check Pods Manifest.lock";
			outputFileListPaths = (
			);
			outputPaths = (
				"$(DERIVED_FILE_DIR)/Pods-AuburnHacks 2019-checkManifestLockResult.txt",
			);
			runOnlyForDeploymentPostprocessing = 0;
			shellPath = /bin/sh;
			shellScript = "diff \"${PODS_PODFILE_DIR_PATH}/Podfile.lock\" \"${PODS_ROOT}/Manifest.lock\" > /dev/null\nif [ $? != 0 ] ; then\n    # print error to STDERR\n    echo \"error: The sandbox is not in sync with the Podfile.lock. Run 'pod install' or update your CocoaPods installation.\" >&2\n    exit 1\nfi\n# This output is used by Xcode 'outputs' to avoid re-running this script phase.\necho \"SUCCESS\" > \"${SCRIPT_OUTPUT_FILE_0}\"\n";
			showEnvVarsInLog = 0;
		};
/* End PBXShellScriptBuildPhase section */

/* Begin PBXSourcesBuildPhase section */
		D8794A6D220278F400390325 /* Sources */ = {
			isa = PBXSourcesBuildPhase;
			buildActionMask = 2147483647;
			files = (
				D8794A77220278F400390325 /* ViewController.swift in Sources */,
				D8794A75220278F400390325 /* AppDelegate.swift in Sources */,
			);
			runOnlyForDeploymentPostprocessing = 0;
		};
		D8794A81220278F500390325 /* Sources */ = {
			isa = PBXSourcesBuildPhase;
			buildActionMask = 2147483647;
			files = (
				D8794A8A220278F500390325 /* AuburnHacks_2019Tests.swift in Sources */,
			);
			runOnlyForDeploymentPostprocessing = 0;
		};
		D8794A8C220278F500390325 /* Sources */ = {
			isa = PBXSourcesBuildPhase;
			buildActionMask = 2147483647;
			files = (
				D8794A95220278F500390325 /* AuburnHacks_2019UITests.swift in Sources */,
			);
			runOnlyForDeploymentPostprocessing = 0;
		};
/* End PBXSourcesBuildPhase section */

/* Begin PBXTargetDependency section */
		D8794A87220278F500390325 /* PBXTargetDependency */ = {
			isa = PBXTargetDependency;
			target = D8794A70220278F400390325 /* AuburnHacks 2019 */;
			targetProxy = D8794A86220278F500390325 /* PBXContainerItemProxy */;
		};
		D8794A92220278F500390325 /* PBXTargetDependency */ = {
			isa = PBXTargetDependency;
			target = D8794A70220278F400390325 /* AuburnHacks 2019 */;
			targetProxy = D8794A91220278F500390325 /* PBXContainerItemProxy */;
		};
/* End PBXTargetDependency section */

/* Begin PBXVariantGroup section */
		D8794A78220278F400390325 /* Main.storyboard */ = {
			isa = PBXVariantGroup;
			children = (
				D8794A79220278F400390325 /* Base */,
			);
			name = Main.storyboard;
			sourceTree = "<group>";
		};
		D8794A7D220278F500390325 /* LaunchScreen.storyboard */ = {
			isa = PBXVariantGroup;
			children = (
				D8794A7E220278F500390325 /* Base */,
			);
			name = LaunchScreen.storyboard;
			sourceTree = "<group>";
		};
/* End PBXVariantGroup section */

/* Begin XCBuildConfiguration section */
		D8794A97220278F500390325 /* Debug */ = {
			isa = XCBuildConfiguration;
			buildSettings = {
				ALWAYS_SEARCH_USER_PATHS = NO;
				CLANG_ANALYZER_NONNULL = YES;
				CLANG_ANALYZER_NUMBER_OBJECT_CONVERSION = YES_AGGRESSIVE;
				CLANG_CXX_LANGUAGE_STANDARD = "gnu++14";
				CLANG_CXX_LIBRARY = "libc++";
				CLANG_ENABLE_MODULES = YES;
				CLANG_ENABLE_OBJC_ARC = YES;
				CLANG_ENABLE_OBJC_WEAK = YES;
				CLANG_WARN_BLOCK_CAPTURE_AUTORELEASING = YES;
				CLANG_WARN_BOOL_CONVERSION = YES;
				CLANG_WARN_COMMA = YES;
				CLANG_WARN_CONSTANT_CONVERSION = YES;
				CLANG_WARN_DEPRECATED_OBJC_IMPLEMENTATIONS = YES;
				CLANG_WARN_DIRECT_OBJC_ISA_USAGE = YES_ERROR;
				CLANG_WARN_DOCUMENTATION_COMMENTS = YES;
				CLANG_WARN_EMPTY_BODY = YES;
				CLANG_WARN_ENUM_CONVERSION = YES;
				CLANG_WARN_INFINITE_RECURSION = YES;
				CLANG_WARN_INT_CONVERSION = YES;
				CLANG_WARN_NON_LITERAL_NULL_CONVERSION = YES;
				CLANG_WARN_OBJC_IMPLICIT_RETAIN_SELF = YES;
				CLANG_WARN_OBJC_LITERAL_CONVERSION = YES;
				CLANG_WARN_OBJC_ROOT_CLASS = YES_ERROR;
				CLANG_WARN_RANGE_LOOP_ANALYSIS = YES;
				CLANG_WARN_STRICT_PROTOTYPES = YES;
				CLANG_WARN_SUSPICIOUS_MOVE = YES;
				CLANG_WARN_UNGUARDED_AVAILABILITY = YES_AGGRESSIVE;
				CLANG_WARN_UNREACHABLE_CODE = YES;
				CLANG_WARN__DUPLICATE_METHOD_MATCH = YES;
				CODE_SIGN_IDENTITY = "iPhone Developer";
				COPY_PHASE_STRIP = NO;
				DEBUG_INFORMATION_FORMAT = dwarf;
				ENABLE_STRICT_OBJC_MSGSEND = YES;
				ENABLE_TESTABILITY = YES;
				GCC_C_LANGUAGE_STANDARD = gnu11;
				GCC_DYNAMIC_NO_PIC = NO;
				GCC_NO_COMMON_BLOCKS = YES;
				GCC_OPTIMIZATION_LEVEL = 0;
				GCC_PREPROCESSOR_DEFINITIONS = (
					"DEBUG=1",
					"$(inherited)",
				);
				GCC_WARN_64_TO_32_BIT_CONVERSION = YES;
				GCC_WARN_ABOUT_RETURN_TYPE = YES_ERROR;
				GCC_WARN_UNDECLARED_SELECTOR = YES;
				GCC_WARN_UNINITIALIZED_AUTOS = YES_AGGRESSIVE;
				GCC_WARN_UNUSED_FUNCTION = YES;
				GCC_WARN_UNUSED_VARIABLE = YES;
				IPHONEOS_DEPLOYMENT_TARGET = 12.1;
				MTL_ENABLE_DEBUG_INFO = INCLUDE_SOURCE;
				MTL_FAST_MATH = YES;
				ONLY_ACTIVE_ARCH = YES;
				SDKROOT = iphoneos;
				SWIFT_ACTIVE_COMPILATION_CONDITIONS = DEBUG;
				SWIFT_OPTIMIZATION_LEVEL = "-Onone";
			};
			name = Debug;
		};
		D8794A98220278F500390325 /* Release */ = {
			isa = XCBuildConfiguration;
			buildSettings = {
				ALWAYS_SEARCH_USER_PATHS = NO;
				CLANG_ANALYZER_NONNULL = YES;
				CLANG_ANALYZER_NUMBER_OBJECT_CONVERSION = YES_AGGRESSIVE;
				CLANG_CXX_LANGUAGE_STANDARD = "gnu++14";
				CLANG_CXX_LIBRARY = "libc++";
				CLANG_ENABLE_MODULES = YES;
				CLANG_ENABLE_OBJC_ARC = YES;
				CLANG_ENABLE_OBJC_WEAK = YES;
				CLANG_WARN_BLOCK_CAPTURE_AUTORELEASING = YES;
				CLANG_WARN_BOOL_CONVERSION = YES;
				CLANG_WARN_COMMA = YES;
				CLANG_WARN_CONSTANT_CONVERSION = YES;
				CLANG_WARN_DEPRECATED_OBJC_IMPLEMENTATIONS = YES;
				CLANG_WARN_DIRECT_OBJC_ISA_USAGE = YES_ERROR;
				CLANG_WARN_DOCUMENTATION_COMMENTS = YES;
				CLANG_WARN_EMPTY_BODY = YES;
				CLANG_WARN_ENUM_CONVERSION = YES;
				CLANG_WARN_INFINITE_RECURSION = YES;
				CLANG_WARN_INT_CONVERSION = YES;
				CLANG_WARN_NON_LITERAL_NULL_CONVERSION = YES;
				CLANG_WARN_OBJC_IMPLICIT_RETAIN_SELF = YES;
				CLANG_WARN_OBJC_LITERAL_CONVERSION = YES;
				CLANG_WARN_OBJC_ROOT_CLASS = YES_ERROR;
				CLANG_WARN_RANGE_LOOP_ANALYSIS = YES;
				CLANG_WARN_STRICT_PROTOTYPES = YES;
				CLANG_WARN_SUSPICIOUS_MOVE = YES;
				CLANG_WARN_UNGUARDED_AVAILABILITY = YES_AGGRESSIVE;
				CLANG_WARN_UNREACHABLE_CODE = YES;
				CLANG_WARN__DUPLICATE_METHOD_MATCH = YES;
				CODE_SIGN_IDENTITY = "iPhone Developer";
				COPY_PHASE_STRIP = NO;
				DEBUG_INFORMATION_FORMAT = "dwarf-with-dsym";
				ENABLE_NS_ASSERTIONS = NO;
				ENABLE_STRICT_OBJC_MSGSEND = YES;
				GCC_C_LANGUAGE_STANDARD = gnu11;
				GCC_NO_COMMON_BLOCKS = YES;
				GCC_WARN_64_TO_32_BIT_CONVERSION = YES;
				GCC_WARN_ABOUT_RETURN_TYPE = YES_ERROR;
				GCC_WARN_UNDECLARED_SELECTOR = YES;
				GCC_WARN_UNINITIALIZED_AUTOS = YES_AGGRESSIVE;
				GCC_WARN_UNUSED_FUNCTION = YES;
				GCC_WARN_UNUSED_VARIABLE = YES;
				IPHONEOS_DEPLOYMENT_TARGET = 12.1;
				MTL_ENABLE_DEBUG_INFO = NO;
				MTL_FAST_MATH = YES;
				SDKROOT = iphoneos;
				SWIFT_COMPILATION_MODE = wholemodule;
				SWIFT_OPTIMIZATION_LEVEL = "-O";
				VALIDATE_PRODUCT = YES;
			};
			name = Release;
		};
		D8794A9A220278F500390325 /* Debug */ = {
			isa = XCBuildConfiguration;
			baseConfigurationReference = 4E06F9654BE84BF6DD565A64 /* Pods-AuburnHacks 2019.debug.xcconfig */;
			buildSettings = {
				ASSETCATALOG_COMPILER_APPICON_NAME = AppIcon;
				CODE_SIGN_IDENTITY = "iPhone Developer";
				CODE_SIGN_STYLE = Automatic;
				DEVELOPMENT_TEAM = 42KHDG28QV;
				INFOPLIST_FILE = "AuburnHacks 2019/Info.plist";
				LD_RUNPATH_SEARCH_PATHS = (
					"$(inherited)",
					"@executable_path/Frameworks",
				);
				PRODUCT_BUNDLE_IDENTIFIER = com.alyssagable.auburnhacks;
				PRODUCT_NAME = "$(TARGET_NAME)";
				PROVISIONING_PROFILE_SPECIFIER = "";
				SWIFT_VERSION = 4.2;
				TARGETED_DEVICE_FAMILY = "1,2";
			};
			name = Debug;
		};
		D8794A9B220278F500390325 /* Release */ = {
			isa = XCBuildConfiguration;
			baseConfigurationReference = 38EDDF7FF81D6D0DB5FE10DA /* Pods-AuburnHacks 2019.release.xcconfig */;
			buildSettings = {
				ASSETCATALOG_COMPILER_APPICON_NAME = AppIcon;
				CODE_SIGN_IDENTITY = "iPhone Developer";
				CODE_SIGN_STYLE = Automatic;
				DEVELOPMENT_TEAM = 42KHDG28QV;
				INFOPLIST_FILE = "AuburnHacks 2019/Info.plist";
				LD_RUNPATH_SEARCH_PATHS = (
					"$(inherited)",
					"@executable_path/Frameworks",
				);
				PRODUCT_BUNDLE_IDENTIFIER = com.alyssagable.auburnhacks;
				PRODUCT_NAME = "$(TARGET_NAME)";
				PROVISIONING_PROFILE_SPECIFIER = "";
				SWIFT_VERSION = 4.2;
				TARGETED_DEVICE_FAMILY = "1,2";
			};
			name = Release;
		};
		D8794A9D220278F500390325 /* Debug */ = {
			isa = XCBuildConfiguration;
			baseConfigurationReference = B1A9AFF937CAC326962DAA94 /* Pods-AuburnHacks 2019Tests.debug.xcconfig */;
			buildSettings = {
				ALWAYS_EMBED_SWIFT_STANDARD_LIBRARIES = YES;
				BUNDLE_LOADER = "$(TEST_HOST)";
				CODE_SIGN_STYLE = Automatic;
				INFOPLIST_FILE = "AuburnHacks 2019Tests/Info.plist";
				LD_RUNPATH_SEARCH_PATHS = (
					"$(inherited)",
					"@executable_path/Frameworks",
					"@loader_path/Frameworks",
				);
				PRODUCT_BUNDLE_IDENTIFIER = "com.alyssagable.AuburnHacks-2019Tests";
				PRODUCT_NAME = "$(TARGET_NAME)";
				SWIFT_VERSION = 4.2;
				TARGETED_DEVICE_FAMILY = "1,2";
				TEST_HOST = "$(BUILT_PRODUCTS_DIR)/AuburnHacks 2019.app/AuburnHacks 2019";
			};
			name = Debug;
		};
		D8794A9E220278F500390325 /* Release */ = {
			isa = XCBuildConfiguration;
			baseConfigurationReference = 6CE043A31AC13E64D122470F /* Pods-AuburnHacks 2019Tests.release.xcconfig */;
			buildSettings = {
				ALWAYS_EMBED_SWIFT_STANDARD_LIBRARIES = YES;
				BUNDLE_LOADER = "$(TEST_HOST)";
				CODE_SIGN_STYLE = Automatic;
				INFOPLIST_FILE = "AuburnHacks 2019Tests/Info.plist";
				LD_RUNPATH_SEARCH_PATHS = (
					"$(inherited)",
					"@executable_path/Frameworks",
					"@loader_path/Frameworks",
				);
				PRODUCT_BUNDLE_IDENTIFIER = "com.alyssagable.AuburnHacks-2019Tests";
				PRODUCT_NAME = "$(TARGET_NAME)";
				SWIFT_VERSION = 4.2;
				TARGETED_DEVICE_FAMILY = "1,2";
				TEST_HOST = "$(BUILT_PRODUCTS_DIR)/AuburnHacks 2019.app/AuburnHacks 2019";
			};
			name = Release;
		};
		D8794AA0220278F500390325 /* Debug */ = {
			isa = XCBuildConfiguration;
			baseConfigurationReference = C212A3217F36EC34EBF3D1B8 /* Pods-AuburnHacks 2019UITests.debug.xcconfig */;
			buildSettings = {
				ALWAYS_EMBED_SWIFT_STANDARD_LIBRARIES = YES;
				CODE_SIGN_STYLE = Automatic;
				INFOPLIST_FILE = "AuburnHacks 2019UITests/Info.plist";
				LD_RUNPATH_SEARCH_PATHS = (
					"$(inherited)",
					"@executable_path/Frameworks",
					"@loader_path/Frameworks",
				);
				PRODUCT_BUNDLE_IDENTIFIER = "com.alyssagable.AuburnHacks-2019UITests";
				PRODUCT_NAME = "$(TARGET_NAME)";
				SWIFT_VERSION = 4.2;
				TARGETED_DEVICE_FAMILY = "1,2";
				TEST_TARGET_NAME = "AuburnHacks 2019";
			};
			name = Debug;
		};
		D8794AA1220278F500390325 /* Release */ = {
			isa = XCBuildConfiguration;
			baseConfigurationReference = 2CC278980C904BDF14841861 /* Pods-AuburnHacks 2019UITests.release.xcconfig */;
			buildSettings = {
				ALWAYS_EMBED_SWIFT_STANDARD_LIBRARIES = YES;
				CODE_SIGN_STYLE = Automatic;
				INFOPLIST_FILE = "AuburnHacks 2019UITests/Info.plist";
				LD_RUNPATH_SEARCH_PATHS = (
					"$(inherited)",
					"@executable_path/Frameworks",
					"@loader_path/Frameworks",
				);
				PRODUCT_BUNDLE_IDENTIFIER = "com.alyssagable.AuburnHacks-2019UITests";
				PRODUCT_NAME = "$(TARGET_NAME)";
				SWIFT_VERSION = 4.2;
				TARGETED_DEVICE_FAMILY = "1,2";
				TEST_TARGET_NAME = "AuburnHacks 2019";
			};
			name = Release;
		};
/* End XCBuildConfiguration section */

/* Begin XCConfigurationList section */
		D8794A6C220278F400390325 /* Build configuration list for PBXProject "AuburnHacks 2019" */ = {
			isa = XCConfigurationList;
			buildConfigurations = (
				D8794A97220278F500390325 /* Debug */,
				D8794A98220278F500390325 /* Release */,
			);
			defaultConfigurationIsVisible = 0;
			defaultConfigurationName = Release;
		};
		D8794A99220278F500390325 /* Build configuration list for PBXNativeTarget "AuburnHacks 2019" */ = {
			isa = XCConfigurationList;
			buildConfigurations = (
				D8794A9A220278F500390325 /* Debug */,
				D8794A9B220278F500390325 /* Release */,
			);
			defaultConfigurationIsVisible = 0;
			defaultConfigurationName = Release;
		};
		D8794A9C220278F500390325 /* Build configuration list for PBXNativeTarget "AuburnHacks 2019Tests" */ = {
			isa = XCConfigurationList;
			buildConfigurations = (
				D8794A9D220278F500390325 /* Debug */,
				D8794A9E220278F500390325 /* Release */,
			);
			defaultConfigurationIsVisible = 0;
			defaultConfigurationName = Release;
		};
		D8794A9F220278F500390325 /* Build configuration list for PBXNativeTarget "AuburnHacks 2019UITests" */ = {
			isa = XCConfigurationList;
			buildConfigurations = (
				D8794AA0220278F500390325 /* Debug */,
				D8794AA1220278F500390325 /* Release */,
			);
			defaultConfigurationIsVisible = 0;
			defaultConfigurationName = Release;
		};
/* End XCConfigurationList section */
	};
	rootObject = D8794A69220278F400390325 /* Project object */;
}
